
Microsoft Visual Studio Solution File, Format Version 12.00
# Visual Studio 15
Project("{FAE04EC0-301F-11D3-BF4B-00C04F79EFBC}") = "SystemDrawingColorIssue", "SystemDrawingColorIssue\SystemDrawingColorIssue.csproj", "{69353E63-EBD1-470C-9559-0C9D6606A4A8}"
EndProject
Project("{FAE04EC0-301F-11D3-BF4B-00C04F79EFBC}") = "LibUsingSystemColor", "LibUsingSystemColor\LibUsingSystemColor.csproj", "{03EF4E50-6C80-4C03-BCFD-0A6358D7AB09}"
EndProject
Global
	GlobalSection(SolutionConfigurationPlatforms) = preSolution
		Debug|iPhoneSimulator = Debug|iPhoneSimulator
		Release|iPhoneSimulator = Release|iPhoneSimulator
		Debug|iPhone = Debug|iPhone
		Release|iPhone = Release|iPhone
	EndGlobalSection
	GlobalSection(ProjectConfigurationPlatforms) = postSolution
		{69353E63-EBD1-470C-9559-0C9D6606A4A8}.Debug|iPhoneSimulator.ActiveCfg = Debug|iPhoneSimulator
		{69353E63-EBD1-470C-9559-0C9D6606A4A8}.Debug|iPhoneSimulator.Build.0 = Debug|iPhoneSimulator
		{69353E63-EBD1-470C-9559-0C9D6606A4A8}.Release|iPhoneSimulator.ActiveCfg = Release|iPhoneSimulator
		{69353E63-EBD1-470C-9559-0C9D6606A4A8}.Release|iPhoneSimulator.Build.0 = Release|iPhoneSimulator
		{69353E63-EBD1-470C-9559-0C9D6606A4A8}.Debug|iPhone.ActiveCfg = Debug|iPhone
		{69353E63-EBD1-470C-9559-0C9D6606A4A8}.Debug|iPhone.Build.0 = Debug|iPhone
		{69353E63-EBD1-470C-9559-0C9D6606A4A8}.Release|iPhone.ActiveCfg = Release|iPhone
		{69353E63-EBD1-470C-9559-0C9D6606A4A8}.Release|iPhone.Build.0 = Release|iPhone
		{03EF4E50-6C80-4C03-BCFD-0A6358D7AB09}.Debug|iPhoneSimulator.ActiveCfg = Debug|Any CPU
		{03EF4E50-6C80-4C03-BCFD-0A6358D7AB09}.Debug|iPhoneSimulator.Build.0 = Debug|Any CPU
		{03EF4E50-6C80-4C03-BCFD-0A6358D7AB09}.Release|iPhoneSimulator.ActiveCfg = Release|Any CPU
		{03EF4E50-6C80-4C03-BCFD-0A6358D7AB09}.Release|iPhoneSimulator.Build.0 = Release|Any CPU
		{03EF4E50-6C80-4C03-BCFD-0A6358D7AB09}.Debug|iPhone.ActiveCfg = Debug|Any CPU
		{03EF4E50-6C80-4C03-BCFD-0A6358D7AB09}.Debug|iPhone.Build.0 = Debug|Any CPU
		{03EF4E50-6C80-4C03-BCFD-0A6358D7AB09}.Release|iPhone.ActiveCfg = Release|Any CPU
		{03EF4E50-6C80-4C03-BCFD-0A6358D7AB09}.Release|iPhone.Build.0 = Release|Any CPU
	EndGlobalSection
EndGlobal
